
Microsoft Visual Studio Solution File, Format Version 12.00
# Visual Studio 15
VisualStudioVersion = 15.0.27130.2026
MinimumVisualStudioVersion = 10.0.40219.1
Project("{FAE04EC0-301F-11D3-BF4B-00C04F79EFBC}") = "Multithread-forms", "Multithread-forms\Multithread-forms.csproj", "{759CD456-79A6-4D52-9AA8-C109E9AB3C48}"
EndProject
Global
	GlobalSection(SolutionConfigurationPlatforms) = preSolution
		Debug|Any CPU = Debug|Any CPU
		Release|Any CPU = Release|Any CPU
	EndGlobalSection
	GlobalSection(ProjectConfigurationPlatforms) = postSolution
		{759CD456-79A6-4D52-9AA8-C109E9AB3C48}.Debug|Any CPU.ActiveCfg = Debug|Any CPU
		{759CD456-79A6-4D52-9AA8-C109E9AB3C48}.Debug|Any CPU.Build.0 = Debug|Any CPU
		{759CD456-79A6-4D52-9AA8-C109E9AB3C48}.Release|Any CPU.ActiveCfg = Release|Any CPU
		{759CD456-79A6-4D52-9AA8-C109E9AB3C48}.Release|Any CPU.Build.0 = Release|Any CPU
	EndGlobalSection
	GlobalSection(SolutionProperties) = preSolution
		HideSolutionNode = FALSE
	EndGlobalSection
	GlobalSection(ExtensibilityGlobals) = postSolution
		SolutionGuid = {A01B2F58-EFEF-41F4-8C0B-4DBB4B985261}
	EndGlobalSection
EndGlobal
