
Microsoft Visual Studio Solution File, Format Version 12.00
# Visual Studio 15
VisualStudioVersion = 15.0.27130.2024
MinimumVisualStudioVersion = 10.0.40219.1
Project("{FAE04EC0-301F-11D3-BF4B-00C04F79EFBC}") = "WindowsFormsApp1", "WindowsFormsApp1\WindowsFormsApp1.csproj", "{9B60DE98-9B7B-44AE-9697-4DB37CE4BFF7}"
EndProject
Global
	GlobalSection(SolutionConfigurationPlatforms) = preSolution
		Debug|Any CPU = Debug|Any CPU
		Release|Any CPU = Release|Any CPU
	EndGlobalSection
	GlobalSection(ProjectConfigurationPlatforms) = postSolution
		{9B60DE98-9B7B-44AE-9697-4DB37CE4BFF7}.Debug|Any CPU.ActiveCfg = Debug|Any CPU
		{9B60DE98-9B7B-44AE-9697-4DB37CE4BFF7}.Debug|Any CPU.Build.0 = Debug|Any CPU
		{9B60DE98-9B7B-44AE-9697-4DB37CE4BFF7}.Release|Any CPU.ActiveCfg = Release|Any CPU
		{9B60DE98-9B7B-44AE-9697-4DB37CE4BFF7}.Release|Any CPU.Build.0 = Release|Any CPU
	EndGlobalSection
	GlobalSection(SolutionProperties) = preSolution
		HideSolutionNode = FALSE
	EndGlobalSection
	GlobalSection(ExtensibilityGlobals) = postSolution
		SolutionGuid = {2C0336AA-89F9-430C-BBFF-DF28EF7CF949}
	EndGlobalSection
EndGlobal
